
Microsoft Visual Studio Solution File, Format Version 12.00
# Visual Studio Version 17
VisualStudioVersion = 17.5.33627.172
MinimumVisualStudioVersion = 10.0.40219.1
Project("{9A19103F-16F7-4668-BE54-9A1E7A4F7556}") = "BusinessManagementStudioClassLibrary", "BusinessManagementStudioClassLibrary.csproj", "{2E6D35D5-38D1-41EE-A1D2-361F4B294C52}"
EndProject
Project("{FAE04EC0-301F-11D3-BF4B-00C04F79EFBC}") = "BMSTestProject", "..\BMSTestProject\BMSTestProject.csproj", "{5D08CEF7-F30C-498E-B348-8E811DE02A92}"
EndProject
Global
	GlobalSection(SolutionConfigurationPlatforms) = preSolution
		Debug|Any CPU = Debug|Any CPU
		Release|Any CPU = Release|Any CPU
	EndGlobalSection
	GlobalSection(ProjectConfigurationPlatforms) = postSolution
		{2E6D35D5-38D1-41EE-A1D2-361F4B294C52}.Debug|Any CPU.ActiveCfg = Debug|Any CPU
		{2E6D35D5-38D1-41EE-A1D2-361F4B294C52}.Debug|Any CPU.Build.0 = Debug|Any CPU
		{2E6D35D5-38D1-41EE-A1D2-361F4B294C52}.Release|Any CPU.ActiveCfg = Release|Any CPU
		{2E6D35D5-38D1-41EE-A1D2-361F4B294C52}.Release|Any CPU.Build.0 = Release|Any CPU
		{5D08CEF7-F30C-498E-B348-8E811DE02A92}.Debug|Any CPU.ActiveCfg = Debug|Any CPU
		{5D08CEF7-F30C-498E-B348-8E811DE02A92}.Debug|Any CPU.Build.0 = Debug|Any CPU
		{5D08CEF7-F30C-498E-B348-8E811DE02A92}.Release|Any CPU.ActiveCfg = Release|Any CPU
		{5D08CEF7-F30C-498E-B348-8E811DE02A92}.Release|Any CPU.Build.0 = Release|Any CPU
	EndGlobalSection
	GlobalSection(SolutionProperties) = preSolution
		HideSolutionNode = FALSE
	EndGlobalSection
	GlobalSection(ExtensibilityGlobals) = postSolution
		SolutionGuid = {C83A47FA-3BF7-4DB5-963E-C27A1739B12F}
	EndGlobalSection
EndGlobal
